
Microsoft Visual Studio Solution File, Format Version 12.00
# Visual Studio Version 16
VisualStudioVersion = 16.0.31112.23
MinimumVisualStudioVersion = 10.0.40219.1
Project("{FAE04EC0-301F-11D3-BF4B-00C04F79EFBC}") = "MatrixMain", "MatrixMain\MatrixMain.csproj", "{0C332787-014A-4AF8-B4C4-006C33E12F1D}"
EndProject
Project("{FAE04EC0-301F-11D3-BF4B-00C04F79EFBC}") = "MatrixLibrary", "MatrixLibrary\MatrixLibrary.csproj", "{6BA3102D-80C6-451F-A8D9-5509FFF8FFEF}"
EndProject
Project("{FAE04EC0-301F-11D3-BF4B-00C04F79EFBC}") = "UnitTests", "UnitTests\UnitTests.csproj", "{6F847813-ABE4-4C90-8B88-5385344B32BA}"
EndProject
Global
	GlobalSection(SolutionConfigurationPlatforms) = preSolution
		Debug|Any CPU = Debug|Any CPU
		Release|Any CPU = Release|Any CPU
	EndGlobalSection
	GlobalSection(ProjectConfigurationPlatforms) = postSolution
		{0C332787-014A-4AF8-B4C4-006C33E12F1D}.Debug|Any CPU.ActiveCfg = Debug|Any CPU
		{0C332787-014A-4AF8-B4C4-006C33E12F1D}.Debug|Any CPU.Build.0 = Debug|Any CPU
		{0C332787-014A-4AF8-B4C4-006C33E12F1D}.Release|Any CPU.ActiveCfg = Release|Any CPU
		{0C332787-014A-4AF8-B4C4-006C33E12F1D}.Release|Any CPU.Build.0 = Release|Any CPU
		{6BA3102D-80C6-451F-A8D9-5509FFF8FFEF}.Debug|Any CPU.ActiveCfg = Debug|Any CPU
		{6BA3102D-80C6-451F-A8D9-5509FFF8FFEF}.Debug|Any CPU.Build.0 = Debug|Any CPU
		{6BA3102D-80C6-451F-A8D9-5509FFF8FFEF}.Release|Any CPU.ActiveCfg = Release|Any CPU
		{6BA3102D-80C6-451F-A8D9-5509FFF8FFEF}.Release|Any CPU.Build.0 = Release|Any CPU
		{6F847813-ABE4-4C90-8B88-5385344B32BA}.Debug|Any CPU.ActiveCfg = Debug|Any CPU
		{6F847813-ABE4-4C90-8B88-5385344B32BA}.Debug|Any CPU.Build.0 = Debug|Any CPU
		{6F847813-ABE4-4C90-8B88-5385344B32BA}.Release|Any CPU.ActiveCfg = Release|Any CPU
		{6F847813-ABE4-4C90-8B88-5385344B32BA}.Release|Any CPU.Build.0 = Release|Any CPU
	EndGlobalSection
	GlobalSection(SolutionProperties) = preSolution
		HideSolutionNode = FALSE
	EndGlobalSection
	GlobalSection(ExtensibilityGlobals) = postSolution
		SolutionGuid = {0B64D244-AD60-4E78-9906-8B1ECCCF7E40}
	EndGlobalSection
EndGlobal
